// !$*UTF8*$!
{
	archiveVersion = 1;
	classes = {
	};
	objectVersion = 50;
	objects = {

/* Begin PBXBuildFile section */
		2A016BC727621E7000B56110 /* MyNotesViewController.swift in Sources */ = {isa = PBXBuildFile; fileRef = 2A016BC527621E7000B56110 /* MyNotesViewController.swift */; };
		2A016BC827621E7000B56110 /* MyNotesViewController.xib in Resources */ = {isa = PBXBuildFile; fileRef = 2A016BC627621E7000B56110 /* MyNotesViewController.xib */; };
		2A016BCA27621EB100B56110 /* MyNotesViewModel.swift in Sources */ = {isa = PBXBuildFile; fileRef = 2A016BC927621EB100B56110 /* MyNotesViewModel.swift */; };
		2A016BCE276241F700B56110 /* ToDoListViewController.swift in Sources */ = {isa = PBXBuildFile; fileRef = 2A016BCC276241F700B56110 /* ToDoListViewController.swift */; };
		2A016BCF276241F700B56110 /* ToDoListViewController.xib in Resources */ = {isa = PBXBuildFile; fileRef = 2A016BCD276241F700B56110 /* ToDoListViewController.xib */; };
		2A016BD22762421200B56110 /* AddToDoViewController.swift in Sources */ = {isa = PBXBuildFile; fileRef = 2A016BD02762421200B56110 /* AddToDoViewController.swift */; };
		2A016BD32762421200B56110 /* AddToDoViewController.xib in Resources */ = {isa = PBXBuildFile; fileRef = 2A016BD12762421200B56110 /* AddToDoViewController.xib */; };
		2A016BDA2762C00E00B56110 /* ToDoViewModel.swift in Sources */ = {isa = PBXBuildFile; fileRef = 2A016BD92762C00E00B56110 /* ToDoViewModel.swift */; };
		2A579433275A4CE800A9E64A /* TableViewViewController.swift in Sources */ = {isa = PBXBuildFile; fileRef = 2A579431275A4CE800A9E64A /* TableViewViewController.swift */; };
		2A579434275A4CE800A9E64A /* TableViewViewController.xib in Resources */ = {isa = PBXBuildFile; fileRef = 2A579432275A4CE800A9E64A /* TableViewViewController.xib */; };
		2A579438275A549700A9E64A /* TableViewCell.swift in Sources */ = {isa = PBXBuildFile; fileRef = 2A579436275A549700A9E64A /* TableViewCell.swift */; };
		2A579439275A549700A9E64A /* TableViewCell.xib in Resources */ = {isa = PBXBuildFile; fileRef = 2A579437275A549700A9E64A /* TableViewCell.xib */; };
		2A57943D275A792500A9E64A /* AlertViewController.swift in Sources */ = {isa = PBXBuildFile; fileRef = 2A57943B275A792500A9E64A /* AlertViewController.swift */; };
		2A57943E275A792500A9E64A /* AlertViewController.xib in Resources */ = {isa = PBXBuildFile; fileRef = 2A57943C275A792500A9E64A /* AlertViewController.xib */; };
		2A6FDC0B274C53EF00DE2B43 /* AppDelegate.swift in Sources */ = {isa = PBXBuildFile; fileRef = 2A6FDC0A274C53EF00DE2B43 /* AppDelegate.swift */; };
		2A6FDC14274C53F100DE2B43 /* Assets.xcassets in Resources */ = {isa = PBXBuildFile; fileRef = 2A6FDC13274C53F100DE2B43 /* Assets.xcassets */; };
		2A6FDC17274C53F100DE2B43 /* LaunchScreen.storyboard in Resources */ = {isa = PBXBuildFile; fileRef = 2A6FDC15274C53F100DE2B43 /* LaunchScreen.storyboard */; };
		2A6FDC23274C54A800DE2B43 /* HomeViewController.swift in Sources */ = {isa = PBXBuildFile; fileRef = 2A6FDC21274C54A800DE2B43 /* HomeViewController.swift */; };
		2A6FDC24274C54A800DE2B43 /* HomeViewController.xib in Resources */ = {isa = PBXBuildFile; fileRef = 2A6FDC22274C54A800DE2B43 /* HomeViewController.xib */; };
		2AA3FDA72756F95200AE1469 /* Coordinator.swift in Sources */ = {isa = PBXBuildFile; fileRef = 2AA3FDA62756F95200AE1469 /* Coordinator.swift */; };
		2AA3FDA92756F9D000AE1469 /* CoordinatorProtocol.swift in Sources */ = {isa = PBXBuildFile; fileRef = 2AA3FDA82756F9D000AE1469 /* CoordinatorProtocol.swift */; };
		2AAC63D2275E30CF00F45B9F /* SignViewController.swift in Sources */ = {isa = PBXBuildFile; fileRef = 2AAC63D0275E30CF00F45B9F /* SignViewController.swift */; };
		2AAC63D3275E30CF00F45B9F /* SignViewController.xib in Resources */ = {isa = PBXBuildFile; fileRef = 2AAC63D1275E30CF00F45B9F /* SignViewController.xib */; };
		2AAC63D7275E312D00F45B9F /* SignTableViewCell.swift in Sources */ = {isa = PBXBuildFile; fileRef = 2AAC63D5275E312D00F45B9F /* SignTableViewCell.swift */; };
		2AAC63D8275E312D00F45B9F /* SignTableViewCell.xib in Resources */ = {isa = PBXBuildFile; fileRef = 2AAC63D6275E312D00F45B9F /* SignTableViewCell.xib */; };
		2AAC63DB275E4A7500F45B9F /* SignModel.swift in Sources */ = {isa = PBXBuildFile; fileRef = 2AAC63DA275E4A7500F45B9F /* SignModel.swift */; };
		2AAC63DF275E503B00F45B9F /* SignViewModel.swift in Sources */ = {isa = PBXBuildFile; fileRef = 2AAC63DE275E503B00F45B9F /* SignViewModel.swift */; };
		2AAC63ED275E937200F45B9F /* MoviesTableViewCell.swift in Sources */ = {isa = PBXBuildFile; fileRef = 2AAC63EB275E937200F45B9F /* MoviesTableViewCell.swift */; };
		2AAC63EE275E937200F45B9F /* MoviesTableViewCell.xib in Resources */ = {isa = PBXBuildFile; fileRef = 2AAC63EC275E937200F45B9F /* MoviesTableViewCell.xib */; };
		2AAC63F1275E9D3900F45B9F /* HomeMoviesViewController.swift in Sources */ = {isa = PBXBuildFile; fileRef = 2AAC63EF275E9D3900F45B9F /* HomeMoviesViewController.swift */; };
		2AAC63F2275E9D3900F45B9F /* HomeMoviesViewController.xib in Resources */ = {isa = PBXBuildFile; fileRef = 2AAC63F0275E9D3900F45B9F /* HomeMoviesViewController.xib */; };
		2AAC63F4275E9D4D00F45B9F /* MoviesModel.swift in Sources */ = {isa = PBXBuildFile; fileRef = 2AAC63F3275E9D4D00F45B9F /* MoviesModel.swift */; };
		2AAC63F6275E9D9C00F45B9F /* MoviesViewModel.swift in Sources */ = {isa = PBXBuildFile; fileRef = 2AAC63F5275E9D9C00F45B9F /* MoviesViewModel.swift */; };
		2AC5A13D275910A70007E573 /* HeadsOrTailsViewController.swift in Sources */ = {isa = PBXBuildFile; fileRef = 2AC5A13B275910A70007E573 /* HeadsOrTailsViewController.swift */; };
		2AC5A13E275910A70007E573 /* HeadsOrTailsViewController.xib in Resources */ = {isa = PBXBuildFile; fileRef = 2AC5A13C275910A70007E573 /* HeadsOrTailsViewController.xib */; };
		2AC5A14227594A440007E573 /* ResultHeadsOrTailsViewController.swift in Sources */ = {isa = PBXBuildFile; fileRef = 2AC5A14027594A440007E573 /* ResultHeadsOrTailsViewController.swift */; };
		2AC5A14327594A440007E573 /* ResultHeadsOrTailsViewController.xib in Resources */ = {isa = PBXBuildFile; fileRef = 2AC5A14127594A440007E573 /* ResultHeadsOrTailsViewController.xib */; };
		2AC5A145275951770007E573 /* JamiltonCoordinator.swift in Sources */ = {isa = PBXBuildFile; fileRef = 2AC5A144275951770007E573 /* JamiltonCoordinator.swift */; };
		2ADD76B1276B9128001A7A8B /* ToDoTableViewCell.swift in Sources */ = {isa = PBXBuildFile; fileRef = 2ADD76AF276B9128001A7A8B /* ToDoTableViewCell.swift */; };
		2ADD76B2276B9128001A7A8B /* ToDoTableViewCell.xib in Resources */ = {isa = PBXBuildFile; fileRef = 2ADD76B0276B9128001A7A8B /* ToDoTableViewCell.xib */; };
		2ADD76B6276BB3C6001A7A8B /* MapKitViewController.swift in Sources */ = {isa = PBXBuildFile; fileRef = 2ADD76B4276BB3C6001A7A8B /* MapKitViewController.swift */; };
		2ADD76B7276BB3C6001A7A8B /* MapKitViewController.xib in Resources */ = {isa = PBXBuildFile; fileRef = 2ADD76B5276BB3C6001A7A8B /* MapKitViewController.xib */; };
		2ADD76BA276BBFAF001A7A8B /* CoreLocation.framework in Frameworks */ = {isa = PBXBuildFile; fileRef = 2ADD76B9276BBFAF001A7A8B /* CoreLocation.framework */; };
		2AE31081275FAE70000EB3CD /* DetailsMoviesViewController.swift in Sources */ = {isa = PBXBuildFile; fileRef = 2AE3107F275FAE70000EB3CD /* DetailsMoviesViewController.swift */; };
		2AE31082275FAE70000EB3CD /* DetailsMoviesViewController.xib in Resources */ = {isa = PBXBuildFile; fileRef = 2AE31080275FAE70000EB3CD /* DetailsMoviesViewController.xib */; };
		2AE31088275FD5E9000EB3CD /* PermanenteStorageViewController.swift in Sources */ = {isa = PBXBuildFile; fileRef = 2AE31086275FD5E9000EB3CD /* PermanenteStorageViewController.swift */; };
		2AE31089275FD5E9000EB3CD /* PermanenteStorageViewController.xib in Resources */ = {isa = PBXBuildFile; fileRef = 2AE31087275FD5E9000EB3CD /* PermanenteStorageViewController.xib */; };
		2AEE86BC2754E34E00665772 /* ClientsViewController.swift in Sources */ = {isa = PBXBuildFile; fileRef = 2AEE86BA2754E34E00665772 /* ClientsViewController.swift */; };
		2AEE86BD2754E34E00665772 /* ClientsViewController.xib in Resources */ = {isa = PBXBuildFile; fileRef = 2AEE86BB2754E34E00665772 /* ClientsViewController.xib */; };
		2AEE86C52754E4AF00665772 /* ContactsViewController.swift in Sources */ = {isa = PBXBuildFile; fileRef = 2AEE86C32754E4AF00665772 /* ContactsViewController.swift */; };
		2AEE86C62754E4AF00665772 /* ContactsViewController.xib in Resources */ = {isa = PBXBuildFile; fileRef = 2AEE86C42754E4AF00665772 /* ContactsViewController.xib */; };
		2AEE86C92754E4C600665772 /* CompanyViewController.swift in Sources */ = {isa = PBXBuildFile; fileRef = 2AEE86C72754E4C600665772 /* CompanyViewController.swift */; };
		2AEE86CA2754E4C600665772 /* CompanyViewController.xib in Resources */ = {isa = PBXBuildFile; fileRef = 2AEE86C82754E4C600665772 /* CompanyViewController.xib */; };
		2AEE86CD2754E4DF00665772 /* ServicesViewController.swift in Sources */ = {isa = PBXBuildFile; fileRef = 2AEE86CB2754E4DF00665772 /* ServicesViewController.swift */; };
		2AEE86CE2754E4DF00665772 /* ServicesViewController.xib in Resources */ = {isa = PBXBuildFile; fileRef = 2AEE86CC2754E4DF00665772 /* ServicesViewController.xib */; };
		2AEE86D32754F6D700665772 /* SharingDataViewController.swift in Sources */ = {isa = PBXBuildFile; fileRef = 2AEE86D12754F6D700665772 /* SharingDataViewController.swift */; };
		2AEE86D42754F6D700665772 /* SharingDataViewController.xib in Resources */ = {isa = PBXBuildFile; fileRef = 2AEE86D22754F6D700665772 /* SharingDataViewController.xib */; };
		2AEE86D82754FDD300665772 /* SharingDataResultsViewController.swift in Sources */ = {isa = PBXBuildFile; fileRef = 2AEE86D62754FDD300665772 /* SharingDataResultsViewController.swift */; };
		2AEE86D92754FDD300665772 /* SharingDataResultsViewController.xib in Resources */ = {isa = PBXBuildFile; fileRef = 2AEE86D72754FDD300665772 /* SharingDataResultsViewController.xib */; };
		729818FC27734D7500196D93 /* CoreData.xcdatamodeld in Sources */ = {isa = PBXBuildFile; fileRef = 729818FA27734D7500196D93 /* CoreData.xcdatamodeld */; };
		729819002773573A00196D93 /* NotesViewController.swift in Sources */ = {isa = PBXBuildFile; fileRef = 729818FE2773573A00196D93 /* NotesViewController.swift */; };
		729819012773573A00196D93 /* NotesViewController.xib in Resources */ = {isa = PBXBuildFile; fileRef = 729818FF2773573A00196D93 /* NotesViewController.xib */; };
		729819042773575500196D93 /* AddNewNoteViewController.swift in Sources */ = {isa = PBXBuildFile; fileRef = 729819022773575500196D93 /* AddNewNoteViewController.swift */; };
		729819052773575500196D93 /* AddNewNoteViewController.xib in Resources */ = {isa = PBXBuildFile; fileRef = 729819032773575500196D93 /* AddNewNoteViewController.xib */; };
		729819082773576E00196D93 /* NoteTableViewCell.swift in Sources */ = {isa = PBXBuildFile; fileRef = 729819062773576E00196D93 /* NoteTableViewCell.swift */; };
		729819092773576E00196D93 /* NoteTableViewCell.xib in Resources */ = {isa = PBXBuildFile; fileRef = 729819072773576E00196D93 /* NoteTableViewCell.xib */; };
/* End PBXBuildFile section */

/* Begin PBXFileReference section */
		2A016BC527621E7000B56110 /* MyNotesViewController.swift */ = {isa = PBXFileReference; lastKnownFileType = sourcecode.swift; path = MyNotesViewController.swift; sourceTree = "<group>"; };
		2A016BC627621E7000B56110 /* MyNotesViewController.xib */ = {isa = PBXFileReference; lastKnownFileType = file.xib; path = MyNotesViewController.xib; sourceTree = "<group>"; };
		2A016BC927621EB100B56110 /* MyNotesViewModel.swift */ = {isa = PBXFileReference; lastKnownFileType = sourcecode.swift; path = MyNotesViewModel.swift; sourceTree = "<group>"; };
		2A016BCC276241F700B56110 /* ToDoListViewController.swift */ = {isa = PBXFileReference; lastKnownFileType = sourcecode.swift; path = ToDoListViewController.swift; sourceTree = "<group>"; };
		2A016BCD276241F700B56110 /* ToDoListViewController.xib */ = {isa = PBXFileReference; lastKnownFileType = file.xib; path = ToDoListViewController.xib; sourceTree = "<group>"; };
		2A016BD02762421200B56110 /* AddToDoViewController.swift */ = {isa = PBXFileReference; lastKnownFileType = sourcecode.swift; path = AddToDoViewController.swift; sourceTree = "<group>"; };
		2A016BD12762421200B56110 /* AddToDoViewController.xib */ = {isa = PBXFileReference; lastKnownFileType = file.xib; path = AddToDoViewController.xib; sourceTree = "<group>"; };
		2A016BD92762C00E00B56110 /* ToDoViewModel.swift */ = {isa = PBXFileReference; lastKnownFileType = sourcecode.swift; path = ToDoViewModel.swift; sourceTree = "<group>"; };
		2A579431275A4CE800A9E64A /* TableViewViewController.swift */ = {isa = PBXFileReference; lastKnownFileType = sourcecode.swift; path = TableViewViewController.swift; sourceTree = "<group>"; };
		2A579432275A4CE800A9E64A /* TableViewViewController.xib */ = {isa = PBXFileReference; lastKnownFileType = file.xib; path = TableViewViewController.xib; sourceTree = "<group>"; };
		2A579436275A549700A9E64A /* TableViewCell.swift */ = {isa = PBXFileReference; lastKnownFileType = sourcecode.swift; path = TableViewCell.swift; sourceTree = "<group>"; };
		2A579437275A549700A9E64A /* TableViewCell.xib */ = {isa = PBXFileReference; lastKnownFileType = file.xib; path = TableViewCell.xib; sourceTree = "<group>"; };
		2A57943B275A792500A9E64A /* AlertViewController.swift */ = {isa = PBXFileReference; lastKnownFileType = sourcecode.swift; path = AlertViewController.swift; sourceTree = "<group>"; };
		2A57943C275A792500A9E64A /* AlertViewController.xib */ = {isa = PBXFileReference; lastKnownFileType = file.xib; path = AlertViewController.xib; sourceTree = "<group>"; };
		2A6FDC07274C53EF00DE2B43 /* ATMConsultoria.app */ = {isa = PBXFileReference; explicitFileType = wrapper.application; includeInIndex = 0; path = ATMConsultoria.app; sourceTree = BUILT_PRODUCTS_DIR; };
		2A6FDC0A274C53EF00DE2B43 /* AppDelegate.swift */ = {isa = PBXFileReference; lastKnownFileType = sourcecode.swift; path = AppDelegate.swift; sourceTree = "<group>"; };
		2A6FDC13274C53F100DE2B43 /* Assets.xcassets */ = {isa = PBXFileReference; lastKnownFileType = folder.assetcatalog; path = Assets.xcassets; sourceTree = "<group>"; };
		2A6FDC16274C53F100DE2B43 /* Base */ = {isa = PBXFileReference; lastKnownFileType = file.storyboard; name = Base; path = Base.lproj/LaunchScreen.storyboard; sourceTree = "<group>"; };
		2A6FDC18274C53F100DE2B43 /* Info.plist */ = {isa = PBXFileReference; lastKnownFileType = text.plist.xml; path = Info.plist; sourceTree = "<group>"; };
		2A6FDC21274C54A800DE2B43 /* HomeViewController.swift */ = {isa = PBXFileReference; lastKnownFileType = sourcecode.swift; path = HomeViewController.swift; sourceTree = "<group>"; };
		2A6FDC22274C54A800DE2B43 /* HomeViewController.xib */ = {isa = PBXFileReference; lastKnownFileType = file.xib; path = HomeViewController.xib; sourceTree = "<group>"; };
		2AA3FDA62756F95200AE1469 /* Coordinator.swift */ = {isa = PBXFileReference; lastKnownFileType = sourcecode.swift; path = Coordinator.swift; sourceTree = "<group>"; };
		2AA3FDA82756F9D000AE1469 /* CoordinatorProtocol.swift */ = {isa = PBXFileReference; fileEncoding = 4; lastKnownFileType = sourcecode.swift; path = CoordinatorProtocol.swift; sourceTree = "<group>"; };
		2AAC63D0275E30CF00F45B9F /* SignViewController.swift */ = {isa = PBXFileReference; lastKnownFileType = sourcecode.swift; path = SignViewController.swift; sourceTree = "<group>"; };
		2AAC63D1275E30CF00F45B9F /* SignViewController.xib */ = {isa = PBXFileReference; lastKnownFileType = file.xib; path = SignViewController.xib; sourceTree = "<group>"; };
		2AAC63D5275E312D00F45B9F /* SignTableViewCell.swift */ = {isa = PBXFileReference; lastKnownFileType = sourcecode.swift; path = SignTableViewCell.swift; sourceTree = "<group>"; };
		2AAC63D6275E312D00F45B9F /* SignTableViewCell.xib */ = {isa = PBXFileReference; lastKnownFileType = file.xib; path = SignTableViewCell.xib; sourceTree = "<group>"; };
		2AAC63DA275E4A7500F45B9F /* SignModel.swift */ = {isa = PBXFileReference; lastKnownFileType = sourcecode.swift; path = SignModel.swift; sourceTree = "<group>"; };
		2AAC63DE275E503B00F45B9F /* SignViewModel.swift */ = {isa = PBXFileReference; lastKnownFileType = sourcecode.swift; path = SignViewModel.swift; sourceTree = "<group>"; };
		2AAC63EB275E937200F45B9F /* MoviesTableViewCell.swift */ = {isa = PBXFileReference; lastKnownFileType = sourcecode.swift; path = MoviesTableViewCell.swift; sourceTree = "<group>"; };
		2AAC63EC275E937200F45B9F /* MoviesTableViewCell.xib */ = {isa = PBXFileReference; lastKnownFileType = file.xib; path = MoviesTableViewCell.xib; sourceTree = "<group>"; };
		2AAC63EF275E9D3900F45B9F /* HomeMoviesViewController.swift */ = {isa = PBXFileReference; lastKnownFileType = sourcecode.swift; path = HomeMoviesViewController.swift; sourceTree = "<group>"; };
		2AAC63F0275E9D3900F45B9F /* HomeMoviesViewController.xib */ = {isa = PBXFileReference; lastKnownFileType = file.xib; path = HomeMoviesViewController.xib; sourceTree = "<group>"; };
		2AAC63F3275E9D4D00F45B9F /* MoviesModel.swift */ = {isa = PBXFileReference; lastKnownFileType = sourcecode.swift; path = MoviesModel.swift; sourceTree = "<group>"; };
		2AAC63F5275E9D9C00F45B9F /* MoviesViewModel.swift */ = {isa = PBXFileReference; lastKnownFileType = sourcecode.swift; path = MoviesViewModel.swift; sourceTree = "<group>"; };
		2AC5A13B275910A70007E573 /* HeadsOrTailsViewController.swift */ = {isa = PBXFileReference; lastKnownFileType = sourcecode.swift; path = HeadsOrTailsViewController.swift; sourceTree = "<group>"; };
		2AC5A13C275910A70007E573 /* HeadsOrTailsViewController.xib */ = {isa = PBXFileReference; lastKnownFileType = file.xib; path = HeadsOrTailsViewController.xib; sourceTree = "<group>"; };
		2AC5A14027594A440007E573 /* ResultHeadsOrTailsViewController.swift */ = {isa = PBXFileReference; lastKnownFileType = sourcecode.swift; path = ResultHeadsOrTailsViewController.swift; sourceTree = "<group>"; };
		2AC5A14127594A440007E573 /* ResultHeadsOrTailsViewController.xib */ = {isa = PBXFileReference; lastKnownFileType = file.xib; path = ResultHeadsOrTailsViewController.xib; sourceTree = "<group>"; };
		2AC5A144275951770007E573 /* JamiltonCoordinator.swift */ = {isa = PBXFileReference; lastKnownFileType = sourcecode.swift; path = JamiltonCoordinator.swift; sourceTree = "<group>"; };
		2ADD76AF276B9128001A7A8B /* ToDoTableViewCell.swift */ = {isa = PBXFileReference; lastKnownFileType = sourcecode.swift; path = ToDoTableViewCell.swift; sourceTree = "<group>"; };
		2ADD76B0276B9128001A7A8B /* ToDoTableViewCell.xib */ = {isa = PBXFileReference; lastKnownFileType = file.xib; path = ToDoTableViewCell.xib; sourceTree = "<group>"; };
		2ADD76B4276BB3C6001A7A8B /* MapKitViewController.swift */ = {isa = PBXFileReference; lastKnownFileType = sourcecode.swift; path = MapKitViewController.swift; sourceTree = "<group>"; };
		2ADD76B5276BB3C6001A7A8B /* MapKitViewController.xib */ = {isa = PBXFileReference; lastKnownFileType = file.xib; path = MapKitViewController.xib; sourceTree = "<group>"; };
		2ADD76B9276BBFAF001A7A8B /* CoreLocation.framework */ = {isa = PBXFileReference; lastKnownFileType = wrapper.framework; name = CoreLocation.framework; path = System/Library/Frameworks/CoreLocation.framework; sourceTree = SDKROOT; };
		2AE3107F275FAE70000EB3CD /* DetailsMoviesViewController.swift */ = {isa = PBXFileReference; lastKnownFileType = sourcecode.swift; path = DetailsMoviesViewController.swift; sourceTree = "<group>"; };
		2AE31080275FAE70000EB3CD /* DetailsMoviesViewController.xib */ = {isa = PBXFileReference; lastKnownFileType = file.xib; path = DetailsMoviesViewController.xib; sourceTree = "<group>"; };
		2AE31086275FD5E9000EB3CD /* PermanenteStorageViewController.swift */ = {isa = PBXFileReference; lastKnownFileType = sourcecode.swift; path = PermanenteStorageViewController.swift; sourceTree = "<group>"; };
		2AE31087275FD5E9000EB3CD /* PermanenteStorageViewController.xib */ = {isa = PBXFileReference; lastKnownFileType = file.xib; path = PermanenteStorageViewController.xib; sourceTree = "<group>"; };
		2AEE86BA2754E34E00665772 /* ClientsViewController.swift */ = {isa = PBXFileReference; lastKnownFileType = sourcecode.swift; path = ClientsViewController.swift; sourceTree = "<group>"; };
		2AEE86BB2754E34E00665772 /* ClientsViewController.xib */ = {isa = PBXFileReference; lastKnownFileType = file.xib; path = ClientsViewController.xib; sourceTree = "<group>"; };
		2AEE86C32754E4AF00665772 /* ContactsViewController.swift */ = {isa = PBXFileReference; lastKnownFileType = sourcecode.swift; path = ContactsViewController.swift; sourceTree = "<group>"; };
		2AEE86C42754E4AF00665772 /* ContactsViewController.xib */ = {isa = PBXFileReference; lastKnownFileType = file.xib; path = ContactsViewController.xib; sourceTree = "<group>"; };
		2AEE86C72754E4C600665772 /* CompanyViewController.swift */ = {isa = PBXFileReference; lastKnownFileType = sourcecode.swift; path = CompanyViewController.swift; sourceTree = "<group>"; };
		2AEE86C82754E4C600665772 /* CompanyViewController.xib */ = {isa = PBXFileReference; lastKnownFileType = file.xib; path = CompanyViewController.xib; sourceTree = "<group>"; };
		2AEE86CB2754E4DF00665772 /* ServicesViewController.swift */ = {isa = PBXFileReference; lastKnownFileType = sourcecode.swift; path = ServicesViewController.swift; sourceTree = "<group>"; };
		2AEE86CC2754E4DF00665772 /* ServicesViewController.xib */ = {isa = PBXFileReference; lastKnownFileType = file.xib; path = ServicesViewController.xib; sourceTree = "<group>"; };
		2AEE86D12754F6D700665772 /* SharingDataViewController.swift */ = {isa = PBXFileReference; lastKnownFileType = sourcecode.swift; path = SharingDataViewController.swift; sourceTree = "<group>"; };
		2AEE86D22754F6D700665772 /* SharingDataViewController.xib */ = {isa = PBXFileReference; lastKnownFileType = file.xib; path = SharingDataViewController.xib; sourceTree = "<group>"; };
		2AEE86D62754FDD300665772 /* SharingDataResultsViewController.swift */ = {isa = PBXFileReference; lastKnownFileType = sourcecode.swift; path = SharingDataResultsViewController.swift; sourceTree = "<group>"; };
		2AEE86D72754FDD300665772 /* SharingDataResultsViewController.xib */ = {isa = PBXFileReference; lastKnownFileType = file.xib; path = SharingDataResultsViewController.xib; sourceTree = "<group>"; };
		729818FB27734D7500196D93 /* CoreData.xcdatamodel */ = {isa = PBXFileReference; lastKnownFileType = wrapper.xcdatamodel; path = CoreData.xcdatamodel; sourceTree = "<group>"; };
		729818FE2773573A00196D93 /* NotesViewController.swift */ = {isa = PBXFileReference; lastKnownFileType = sourcecode.swift; path = NotesViewController.swift; sourceTree = "<group>"; };
		729818FF2773573A00196D93 /* NotesViewController.xib */ = {isa = PBXFileReference; lastKnownFileType = file.xib; path = NotesViewController.xib; sourceTree = "<group>"; };
		729819022773575500196D93 /* AddNewNoteViewController.swift */ = {isa = PBXFileReference; lastKnownFileType = sourcecode.swift; path = AddNewNoteViewController.swift; sourceTree = "<group>"; };
		729819032773575500196D93 /* AddNewNoteViewController.xib */ = {isa = PBXFileReference; lastKnownFileType = file.xib; path = AddNewNoteViewController.xib; sourceTree = "<group>"; };
		729819062773576E00196D93 /* NoteTableViewCell.swift */ = {isa = PBXFileReference; lastKnownFileType = sourcecode.swift; path = NoteTableViewCell.swift; sourceTree = "<group>"; };
		729819072773576E00196D93 /* NoteTableViewCell.xib */ = {isa = PBXFileReference; lastKnownFileType = file.xib; path = NoteTableViewCell.xib; sourceTree = "<group>"; };
/* End PBXFileReference section */

/* Begin PBXFrameworksBuildPhase section */
		2A6FDC04274C53EF00DE2B43 /* Frameworks */ = {
			isa = PBXFrameworksBuildPhase;
			buildActionMask = 2147483647;
			files = (
				2ADD76BA276BBFAF001A7A8B /* CoreLocation.framework in Frameworks */,
			);
			runOnlyForDeploymentPostprocessing = 0;
		};
/* End PBXFrameworksBuildPhase section */

/* Begin PBXGroup section */
		2A016BC427621E5600B56110 /* MyNotes */ = {
			isa = PBXGroup;
			children = (
				2A016BC927621EB100B56110 /* MyNotesViewModel.swift */,
				2A016BC527621E7000B56110 /* MyNotesViewController.swift */,
				2A016BC627621E7000B56110 /* MyNotesViewController.xib */,
			);
			path = MyNotes;
			sourceTree = "<group>";
		};
		2A016BCB276241DA00B56110 /* ToDoList */ = {
			isa = PBXGroup;
			children = (
				2A016BD92762C00E00B56110 /* ToDoViewModel.swift */,
				2A016BD62762425600B56110 /* Scenes */,
			);
			path = ToDoList;
			sourceTree = "<group>";
		};
		2A016BD62762425600B56110 /* Scenes */ = {
			isa = PBXGroup;
			children = (
				2A016BD72762426C00B56110 /* Home */,
				2A016BD82762427500B56110 /* AddNewToDo */,
				2ADD76AF276B9128001A7A8B /* ToDoTableViewCell.swift */,
				2ADD76B0276B9128001A7A8B /* ToDoTableViewCell.xib */,
			);
			path = Scenes;
			sourceTree = "<group>";
		};
		2A016BD72762426C00B56110 /* Home */ = {
			isa = PBXGroup;
			children = (
				2A016BCC276241F700B56110 /* ToDoListViewController.swift */,
				2A016BCD276241F700B56110 /* ToDoListViewController.xib */,
			);
			path = Home;
			sourceTree = "<group>";
		};
		2A016BD82762427500B56110 /* AddNewToDo */ = {
			isa = PBXGroup;
			children = (
				2A016BD02762421200B56110 /* AddToDoViewController.swift */,
				2A016BD12762421200B56110 /* AddToDoViewController.xib */,
			);
			path = AddNewToDo;
			sourceTree = "<group>";
		};
		2A579430275A4CCB00A9E64A /* TableView */ = {
			isa = PBXGroup;
			children = (
				2AAC63E4275E900B00F45B9F /* View */,
				2A579431275A4CE800A9E64A /* TableViewViewController.swift */,
				2A579432275A4CE800A9E64A /* TableViewViewController.xib */,
			);
			path = TableView;
			sourceTree = "<group>";
		};
		2A579435275A547B00A9E64A /* Cell */ = {
			isa = PBXGroup;
			children = (
				2A579436275A549700A9E64A /* TableViewCell.swift */,
				2A579437275A549700A9E64A /* TableViewCell.xib */,
			);
			path = Cell;
			sourceTree = "<group>";
		};
		2A57943A275A78F200A9E64A /* Alerts */ = {
			isa = PBXGroup;
			children = (
				2A57943B275A792500A9E64A /* AlertViewController.swift */,
				2A57943C275A792500A9E64A /* AlertViewController.xib */,
			);
			path = Alerts;
			sourceTree = "<group>";
		};
		2A6FDBFE274C53EF00DE2B43 = {
			isa = PBXGroup;
			children = (
				2A6FDC09274C53EF00DE2B43 /* ATMConsultoria */,
				2A6FDC08274C53EF00DE2B43 /* Products */,
				2ADD76B8276BBFAE001A7A8B /* Frameworks */,
			);
			sourceTree = "<group>";
		};
		2A6FDC08274C53EF00DE2B43 /* Products */ = {
			isa = PBXGroup;
			children = (
				2A6FDC07274C53EF00DE2B43 /* ATMConsultoria.app */,
			);
			name = Products;
			sourceTree = "<group>";
		};
		2A6FDC09274C53EF00DE2B43 /* ATMConsultoria */ = {
			isa = PBXGroup;
			children = (
				2AA3FDA52756F93E00AE1469 /* Commons */,
				2AEE86D02754F50900665772 /* CursoJamilton */,
				2A6FDC1F274C541B00DE2B43 /* Resources */,
				2A6FDC1E274C540D00DE2B43 /* Sources */,
			);
			path = ATMConsultoria;
			sourceTree = "<group>";
		};
		2A6FDC1E274C540D00DE2B43 /* Sources */ = {
			isa = PBXGroup;
			children = (
				2A6FDC0A274C53EF00DE2B43 /* AppDelegate.swift */,
			);
			path = Sources;
			sourceTree = "<group>";
		};
		2A6FDC1F274C541B00DE2B43 /* Resources */ = {
			isa = PBXGroup;
			children = (
				2AA3FDA82756F9D000AE1469 /* CoordinatorProtocol.swift */,
				2A6FDC13274C53F100DE2B43 /* Assets.xcassets */,
				2A6FDC15274C53F100DE2B43 /* LaunchScreen.storyboard */,
				2A6FDC18274C53F100DE2B43 /* Info.plist */,
				729818FA27734D7500196D93 /* CoreData.xcdatamodeld */,
			);
			path = Resources;
			sourceTree = "<group>";
		};
		2A6FDC20274C542300DE2B43 /* ATMConsultoria */ = {
			isa = PBXGroup;
			children = (
				2AEE86BE2754E35C00665772 /* Home */,
				2AEE86BF2754E36700665772 /* Clients */,
				2AEE86C02754E37D00665772 /* Contacts */,
				2AEE86C22754E39600665772 /* Company */,
				2AEE86C12754E38900665772 /* Services */,
			);
			path = ATMConsultoria;
			sourceTree = "<group>";
		};
		2AA3FDA52756F93E00AE1469 /* Commons */ = {
			isa = PBXGroup;
			children = (
				2AA3FDA62756F95200AE1469 /* Coordinator.swift */,
			);
			path = Commons;
			sourceTree = "<group>";
		};
		2AAC63CF275E30AE00F45B9F /* Sign */ = {
			isa = PBXGroup;
			children = (
				2AAC63E2275E8F7000F45B9F /* Model */,
				2AAC63E1275E8B2F00F45B9F /* View */,
				2AAC63DE275E503B00F45B9F /* SignViewModel.swift */,
				2AAC63D0275E30CF00F45B9F /* SignViewController.swift */,
				2AAC63D1275E30CF00F45B9F /* SignViewController.xib */,
			);
			path = Sign;
			sourceTree = "<group>";
		};
		2AAC63D4275E310D00F45B9F /* Cell */ = {
			isa = PBXGroup;
			children = (
				2AAC63D5275E312D00F45B9F /* SignTableViewCell.swift */,
				2AAC63D6275E312D00F45B9F /* SignTableViewCell.xib */,
			);
			path = Cell;
			sourceTree = "<group>";
		};
		2AAC63E0275E8ABC00F45B9F /* Movies */ = {
			isa = PBXGroup;
			children = (
				2AAC63E7275E904A00F45B9F /* Model */,
				2AAC63F5275E9D9C00F45B9F /* MoviesViewModel.swift */,
				2AAC63E8275E90BA00F45B9F /* Scenes */,
			);
			path = Movies;
			sourceTree = "<group>";
		};
		2AAC63E1275E8B2F00F45B9F /* View */ = {
			isa = PBXGroup;
			children = (
				2AAC63D4275E310D00F45B9F /* Cell */,
			);
			path = View;
			sourceTree = "<group>";
		};
		2AAC63E2275E8F7000F45B9F /* Model */ = {
			isa = PBXGroup;
			children = (
				2AAC63DA275E4A7500F45B9F /* SignModel.swift */,
			);
			path = Model;
			sourceTree = "<group>";
		};
		2AAC63E3275E8FEB00F45B9F /* Apps */ = {
			isa = PBXGroup;
			children = (
				729818FD2773572000196D93 /* Notes */,
				2A016BCB276241DA00B56110 /* ToDoList */,
				2A016BC427621E5600B56110 /* MyNotes */,
				2AAC63E0275E8ABC00F45B9F /* Movies */,
				2AAC63CF275E30AE00F45B9F /* Sign */,
				2A6FDC20274C542300DE2B43 /* ATMConsultoria */,
				2AC5A13A275910740007E573 /* HeadsOrTails */,
			);
			path = Apps;
			sourceTree = "<group>";
		};
		2AAC63E4275E900B00F45B9F /* View */ = {
			isa = PBXGroup;
			children = (
				2A579435275A547B00A9E64A /* Cell */,
			);
			path = View;
			sourceTree = "<group>";
		};
		2AAC63E5275E903400F45B9F /* View */ = {
			isa = PBXGroup;
			children = (
				2AAC63E6275E903B00F45B9F /* Cell */,
			);
			path = View;
			sourceTree = "<group>";
		};
		2AAC63E6275E903B00F45B9F /* Cell */ = {
			isa = PBXGroup;
			children = (
				2AAC63EB275E937200F45B9F /* MoviesTableViewCell.swift */,
				2AAC63EC275E937200F45B9F /* MoviesTableViewCell.xib */,
			);
			path = Cell;
			sourceTree = "<group>";
		};
		2AAC63E7275E904A00F45B9F /* Model */ = {
			isa = PBXGroup;
			children = (
				2AAC63F3275E9D4D00F45B9F /* MoviesModel.swift */,
			);
			path = Model;
			sourceTree = "<group>";
		};
		2AAC63E8275E90BA00F45B9F /* Scenes */ = {
			isa = PBXGroup;
			children = (
				2AE31083275FAE94000EB3CD /* Home */,
				2AE31084275FAEA3000EB3CD /* Details */,
				2AAC63E5275E903400F45B9F /* View */,
			);
			path = Scenes;
			sourceTree = "<group>";
		};
		2AC5A1392759105E0007E573 /* SharingData */ = {
			isa = PBXGroup;
			children = (
				2AEE86D12754F6D700665772 /* SharingDataViewController.swift */,
				2AEE86D22754F6D700665772 /* SharingDataViewController.xib */,
				2AEE86D62754FDD300665772 /* SharingDataResultsViewController.swift */,
				2AEE86D72754FDD300665772 /* SharingDataResultsViewController.xib */,
			);
			path = SharingData;
			sourceTree = "<group>";
		};
		2AC5A13A275910740007E573 /* HeadsOrTails */ = {
			isa = PBXGroup;
			children = (
				2AC5A14627595F160007E573 /* Home */,
				2AC5A14727595F1B0007E573 /* Result */,
			);
			path = HeadsOrTails;
			sourceTree = "<group>";
		};
		2AC5A14627595F160007E573 /* Home */ = {
			isa = PBXGroup;
			children = (
				2AC5A13B275910A70007E573 /* HeadsOrTailsViewController.swift */,
				2AC5A13C275910A70007E573 /* HeadsOrTailsViewController.xib */,
			);
			path = Home;
			sourceTree = "<group>";
		};
		2AC5A14727595F1B0007E573 /* Result */ = {
			isa = PBXGroup;
			children = (
				2AC5A14027594A440007E573 /* ResultHeadsOrTailsViewController.swift */,
				2AC5A14127594A440007E573 /* ResultHeadsOrTailsViewController.xib */,
			);
			path = Result;
			sourceTree = "<group>";
		};
		2ADD76B3276BB3AA001A7A8B /* MapKit */ = {
			isa = PBXGroup;
			children = (
				2ADD76B4276BB3C6001A7A8B /* MapKitViewController.swift */,
				2ADD76B5276BB3C6001A7A8B /* MapKitViewController.xib */,
			);
			path = MapKit;
			sourceTree = "<group>";
		};
		2ADD76B8276BBFAE001A7A8B /* Frameworks */ = {
			isa = PBXGroup;
			children = (
				2ADD76B9276BBFAF001A7A8B /* CoreLocation.framework */,
			);
			name = Frameworks;
			sourceTree = "<group>";
		};
		2AE31083275FAE94000EB3CD /* Home */ = {
			isa = PBXGroup;
			children = (
				2AAC63EF275E9D3900F45B9F /* HomeMoviesViewController.swift */,
				2AAC63F0275E9D3900F45B9F /* HomeMoviesViewController.xib */,
			);
			path = Home;
			sourceTree = "<group>";
		};
		2AE31084275FAEA3000EB3CD /* Details */ = {
			isa = PBXGroup;
			children = (
				2AE3107F275FAE70000EB3CD /* DetailsMoviesViewController.swift */,
				2AE31080275FAE70000EB3CD /* DetailsMoviesViewController.xib */,
			);
			path = Details;
			sourceTree = "<group>";
		};
		2AE31085275FD567000EB3CD /* PermanentStorage */ = {
			isa = PBXGroup;
			children = (
				2AE31086275FD5E9000EB3CD /* PermanenteStorageViewController.swift */,
				2AE31087275FD5E9000EB3CD /* PermanenteStorageViewController.xib */,
			);
			path = PermanentStorage;
			sourceTree = "<group>";
		};
		2AEE86BE2754E35C00665772 /* Home */ = {
			isa = PBXGroup;
			children = (
				2A6FDC21274C54A800DE2B43 /* HomeViewController.swift */,
				2A6FDC22274C54A800DE2B43 /* HomeViewController.xib */,
			);
			path = Home;
			sourceTree = "<group>";
		};
		2AEE86BF2754E36700665772 /* Clients */ = {
			isa = PBXGroup;
			children = (
				2AEE86BA2754E34E00665772 /* ClientsViewController.swift */,
				2AEE86BB2754E34E00665772 /* ClientsViewController.xib */,
			);
			path = Clients;
			sourceTree = "<group>";
		};
		2AEE86C02754E37D00665772 /* Contacts */ = {
			isa = PBXGroup;
			children = (
				2AEE86C32754E4AF00665772 /* ContactsViewController.swift */,
				2AEE86C42754E4AF00665772 /* ContactsViewController.xib */,
			);
			path = Contacts;
			sourceTree = "<group>";
		};
		2AEE86C12754E38900665772 /* Services */ = {
			isa = PBXGroup;
			children = (
				2AEE86CB2754E4DF00665772 /* ServicesViewController.swift */,
				2AEE86CC2754E4DF00665772 /* ServicesViewController.xib */,
			);
			path = Services;
			sourceTree = "<group>";
		};
		2AEE86C22754E39600665772 /* Company */ = {
			isa = PBXGroup;
			children = (
				2AEE86C72754E4C600665772 /* CompanyViewController.swift */,
				2AEE86C82754E4C600665772 /* CompanyViewController.xib */,
			);
			path = Company;
			sourceTree = "<group>";
		};
		2AEE86D02754F50900665772 /* CursoJamilton */ = {
			isa = PBXGroup;
			children = (
				2AAC63E3275E8FEB00F45B9F /* Apps */,
				2AEE86D52754FD4F00665772 /* Feature */,
				2AC5A144275951770007E573 /* JamiltonCoordinator.swift */,
			);
			path = CursoJamilton;
			sourceTree = "<group>";
		};
		2AEE86D52754FD4F00665772 /* Feature */ = {
			isa = PBXGroup;
			children = (
				72AA8F0F2771207A005DBC25 /* CoreData */,
				2ADD76B3276BB3AA001A7A8B /* MapKit */,
				2AE31085275FD567000EB3CD /* PermanentStorage */,
				2A57943A275A78F200A9E64A /* Alerts */,
				2A579430275A4CCB00A9E64A /* TableView */,
				2AC5A1392759105E0007E573 /* SharingData */,
			);
			path = Feature;
			sourceTree = "<group>";
		};
		729818FD2773572000196D93 /* Notes */ = {
			isa = PBXGroup;
			children = (
				7298190A27735F0000196D93 /* Features */,
				729819062773576E00196D93 /* NoteTableViewCell.swift */,
				729819072773576E00196D93 /* NoteTableViewCell.xib */,
			);
			path = Notes;
			sourceTree = "<group>";
		};
		7298190A27735F0000196D93 /* Features */ = {
			isa = PBXGroup;
			children = (
				729818FE2773573A00196D93 /* NotesViewController.swift */,
				729818FF2773573A00196D93 /* NotesViewController.xib */,
				729819022773575500196D93 /* AddNewNoteViewController.swift */,
				729819032773575500196D93 /* AddNewNoteViewController.xib */,
			);
			path = Features;
			sourceTree = "<group>";
		};
		72AA8F0F2771207A005DBC25 /* CoreData */ = {
			isa = PBXGroup;
			children = (
			);
			path = CoreData;
			sourceTree = "<group>";
		};
/* End PBXGroup section */

/* Begin PBXNativeTarget section */
		2A6FDC06274C53EF00DE2B43 /* ATMConsultoria */ = {
			isa = PBXNativeTarget;
			buildConfigurationList = 2A6FDC1B274C53F100DE2B43 /* Build configuration list for PBXNativeTarget "ATMConsultoria" */;
			buildPhases = (
				2A6FDC03274C53EF00DE2B43 /* Sources */,
				2A6FDC04274C53EF00DE2B43 /* Frameworks */,
				2A6FDC05274C53EF00DE2B43 /* Resources */,
			);
			buildRules = (
			);
			dependencies = (
			);
			name = ATMConsultoria;
			productName = ATMConsultoria;
			productReference = 2A6FDC07274C53EF00DE2B43 /* ATMConsultoria.app */;
			productType = "com.apple.product-type.application";
		};
/* End PBXNativeTarget section */

/* Begin PBXProject section */
		2A6FDBFF274C53EF00DE2B43 /* Project object */ = {
			isa = PBXProject;
			attributes = {
				LastSwiftUpdateCheck = 1250;
				LastUpgradeCheck = 1250;
				TargetAttributes = {
					2A6FDC06274C53EF00DE2B43 = {
						CreatedOnToolsVersion = 12.5.1;
					};
				};
			};
			buildConfigurationList = 2A6FDC02274C53EF00DE2B43 /* Build configuration list for PBXProject "ATMConsultoria" */;
			compatibilityVersion = "Xcode 9.3";
			developmentRegion = en;
			hasScannedForEncodings = 0;
			knownRegions = (
				en,
				Base,
			);
			mainGroup = 2A6FDBFE274C53EF00DE2B43;
			productRefGroup = 2A6FDC08274C53EF00DE2B43 /* Products */;
			projectDirPath = "";
			projectRoot = "";
			targets = (
				2A6FDC06274C53EF00DE2B43 /* ATMConsultoria */,
			);
		};
/* End PBXProject section */

/* Begin PBXResourcesBuildPhase section */
		2A6FDC05274C53EF00DE2B43 /* Resources */ = {
			isa = PBXResourcesBuildPhase;
			buildActionMask = 2147483647;
			files = (
				2AEE86CA2754E4C600665772 /* CompanyViewController.xib in Resources */,
				2AAC63D3275E30CF00F45B9F /* SignViewController.xib in Resources */,
				2A6FDC17274C53F100DE2B43 /* LaunchScreen.storyboard in Resources */,
				2AEE86D92754FDD300665772 /* SharingDataResultsViewController.xib in Resources */,
				2AC5A13E275910A70007E573 /* HeadsOrTailsViewController.xib in Resources */,
				2A579439275A549700A9E64A /* TableViewCell.xib in Resources */,
				2AAC63F2275E9D3900F45B9F /* HomeMoviesViewController.xib in Resources */,
				729819092773576E00196D93 /* NoteTableViewCell.xib in Resources */,
				2ADD76B2276B9128001A7A8B /* ToDoTableViewCell.xib in Resources */,
				2AEE86CE2754E4DF00665772 /* ServicesViewController.xib in Resources */,
				2AEE86D42754F6D700665772 /* SharingDataViewController.xib in Resources */,
				2A579434275A4CE800A9E64A /* TableViewViewController.xib in Resources */,
				2A016BCF276241F700B56110 /* ToDoListViewController.xib in Resources */,
				729819052773575500196D93 /* AddNewNoteViewController.xib in Resources */,
				2AE31082275FAE70000EB3CD /* DetailsMoviesViewController.xib in Resources */,
				2A016BD32762421200B56110 /* AddToDoViewController.xib in Resources */,
				2AC5A14327594A440007E573 /* ResultHeadsOrTailsViewController.xib in Resources */,
				2AAC63EE275E937200F45B9F /* MoviesTableViewCell.xib in Resources */,
				2AAC63D8275E312D00F45B9F /* SignTableViewCell.xib in Resources */,
				2A6FDC14274C53F100DE2B43 /* Assets.xcassets in Resources */,
				2AE31089275FD5E9000EB3CD /* PermanenteStorageViewController.xib in Resources */,
				2A6FDC24274C54A800DE2B43 /* HomeViewController.xib in Resources */,
				729819012773573A00196D93 /* NotesViewController.xib in Resources */,
				2AEE86BD2754E34E00665772 /* ClientsViewController.xib in Resources */,
				2ADD76B7276BB3C6001A7A8B /* MapKitViewController.xib in Resources */,
				2A016BC827621E7000B56110 /* MyNotesViewController.xib in Resources */,
				2AEE86C62754E4AF00665772 /* ContactsViewController.xib in Resources */,
				2A57943E275A792500A9E64A /* AlertViewController.xib in Resources */,
			);
			runOnlyForDeploymentPostprocessing = 0;
		};
/* End PBXResourcesBuildPhase section */

/* Begin PBXSourcesBuildPhase section */
		2A6FDC03274C53EF00DE2B43 /* Sources */ = {
			isa = PBXSourcesBuildPhase;
			buildActionMask = 2147483647;
			files = (
				2A579438275A549700A9E64A /* TableViewCell.swift in Sources */,
				729819082773576E00196D93 /* NoteTableViewCell.swift in Sources */,
				2AEE86D82754FDD300665772 /* SharingDataResultsViewController.swift in Sources */,
				2AEE86CD2754E4DF00665772 /* ServicesViewController.swift in Sources */,
				2AAC63DF275E503B00F45B9F /* SignViewModel.swift in Sources */,
				2A016BCA27621EB100B56110 /* MyNotesViewModel.swift in Sources */,
				2AA3FDA92756F9D000AE1469 /* CoordinatorProtocol.swift in Sources */,
				2AEE86BC2754E34E00665772 /* ClientsViewController.swift in Sources */,
				2AAC63F1275E9D3900F45B9F /* HomeMoviesViewController.swift in Sources */,
				2AAC63F6275E9D9C00F45B9F /* MoviesViewModel.swift in Sources */,
				2AAC63DB275E4A7500F45B9F /* SignModel.swift in Sources */,
				2AC5A13D275910A70007E573 /* HeadsOrTailsViewController.swift in Sources */,
				2ADD76B1276B9128001A7A8B /* ToDoTableViewCell.swift in Sources */,
				2AEE86D32754F6D700665772 /* SharingDataViewController.swift in Sources */,
				2A579433275A4CE800A9E64A /* TableViewViewController.swift in Sources */,
				2AAC63D7275E312D00F45B9F /* SignTableViewCell.swift in Sources */,
				2ADD76B6276BB3C6001A7A8B /* MapKitViewController.swift in Sources */,
				2A016BCE276241F700B56110 /* ToDoListViewController.swift in Sources */,
				2AC5A14227594A440007E573 /* ResultHeadsOrTailsViewController.swift in Sources */,
				2AAC63ED275E937200F45B9F /* MoviesTableViewCell.swift in Sources */,
				2AEE86C52754E4AF00665772 /* ContactsViewController.swift in Sources */,
				2A6FDC0B274C53EF00DE2B43 /* AppDelegate.swift in Sources */,
				2A57943D275A792500A9E64A /* AlertViewController.swift in Sources */,
				729818FC27734D7500196D93 /* CoreData.xcdatamodeld in Sources */,
				2AC5A145275951770007E573 /* JamiltonCoordinator.swift in Sources */,
				2A016BC727621E7000B56110 /* MyNotesViewController.swift in Sources */,
				2A016BD22762421200B56110 /* AddToDoViewController.swift in Sources */,
				2A6FDC23274C54A800DE2B43 /* HomeViewController.swift in Sources */,
				2AEE86C92754E4C600665772 /* CompanyViewController.swift in Sources */,
				2AE31088275FD5E9000EB3CD /* PermanenteStorageViewController.swift in Sources */,
				2AAC63F4275E9D4D00F45B9F /* MoviesModel.swift in Sources */,
				2A016BDA2762C00E00B56110 /* ToDoViewModel.swift in Sources */,
				729819002773573A00196D93 /* NotesViewController.swift in Sources */,
				2AE31081275FAE70000EB3CD /* DetailsMoviesViewController.swift in Sources */,
				729819042773575500196D93 /* AddNewNoteViewController.swift in Sources */,
				2AA3FDA72756F95200AE1469 /* Coordinator.swift in Sources */,
				2AAC63D2275E30CF00F45B9F /* SignViewController.swift in Sources */,
			);
			runOnlyForDeploymentPostprocessing = 0;
		};
/* End PBXSourcesBuildPhase section */

/* Begin PBXVariantGroup section */
		2A6FDC15274C53F100DE2B43 /* LaunchScreen.storyboard */ = {
			isa = PBXVariantGroup;
			children = (
				2A6FDC16274C53F100DE2B43 /* Base */,
			);
			name = LaunchScreen.storyboard;
			sourceTree = "<group>";
		};
/* End PBXVariantGroup section */

/* Begin XCBuildConfiguration section */
		2A6FDC19274C53F100DE2B43 /* Debug */ = {
			isa = XCBuildConfiguration;
			buildSettings = {
				ALWAYS_SEARCH_USER_PATHS = NO;
				CLANG_ANALYZER_NONNULL = YES;
				CLANG_ANALYZER_NUMBER_OBJECT_CONVERSION = YES_AGGRESSIVE;
				CLANG_CXX_LANGUAGE_STANDARD = "gnu++14";
				CLANG_CXX_LIBRARY = "libc++";
				CLANG_ENABLE_MODULES = YES;
				CLANG_ENABLE_OBJC_ARC = YES;
				CLANG_ENABLE_OBJC_WEAK = YES;
				CLANG_WARN_BLOCK_CAPTURE_AUTORELEASING = YES;
				CLANG_WARN_BOOL_CONVERSION = YES;
				CLANG_WARN_COMMA = YES;
				CLANG_WARN_CONSTANT_CONVERSION = YES;
				CLANG_WARN_DEPRECATED_OBJC_IMPLEMENTATIONS = YES;
				CLANG_WARN_DIRECT_OBJC_ISA_USAGE = YES_ERROR;
				CLANG_WARN_DOCUMENTATION_COMMENTS = YES;
				CLANG_WARN_EMPTY_BODY = YES;
				CLANG_WARN_ENUM_CONVERSION = YES;
				CLANG_WARN_INFINITE_RECURSION = YES;
				CLANG_WARN_INT_CONVERSION = YES;
				CLANG_WARN_NON_LITERAL_NULL_CONVERSION = YES;
				CLANG_WARN_OBJC_IMPLICIT_RETAIN_SELF = YES;
				CLANG_WARN_OBJC_LITERAL_CONVERSION = YES;
				CLANG_WARN_OBJC_ROOT_CLASS = YES_ERROR;
				CLANG_WARN_QUOTED_INCLUDE_IN_FRAMEWORK_HEADER = YES;
				CLANG_WARN_RANGE_LOOP_ANALYSIS = YES;
				CLANG_WARN_STRICT_PROTOTYPES = YES;
				CLANG_WARN_SUSPICIOUS_MOVE = YES;
				CLANG_WARN_UNGUARDED_AVAILABILITY = YES_AGGRESSIVE;
				CLANG_WARN_UNREACHABLE_CODE = YES;
				CLANG_WARN__DUPLICATE_METHOD_MATCH = YES;
				COPY_PHASE_STRIP = NO;
				DEBUG_INFORMATION_FORMAT = dwarf;
				ENABLE_STRICT_OBJC_MSGSEND = YES;
				ENABLE_TESTABILITY = YES;
				GCC_C_LANGUAGE_STANDARD = gnu11;
				GCC_DYNAMIC_NO_PIC = NO;
				GCC_NO_COMMON_BLOCKS = YES;
				GCC_OPTIMIZATION_LEVEL = 0;
				GCC_PREPROCESSOR_DEFINITIONS = (
					"DEBUG=1",
					"$(inherited)",
				);
				GCC_WARN_64_TO_32_BIT_CONVERSION = YES;
				GCC_WARN_ABOUT_RETURN_TYPE = YES_ERROR;
				GCC_WARN_UNDECLARED_SELECTOR = YES;
				GCC_WARN_UNINITIALIZED_AUTOS = YES_AGGRESSIVE;
				GCC_WARN_UNUSED_FUNCTION = YES;
				GCC_WARN_UNUSED_VARIABLE = YES;
				IPHONEOS_DEPLOYMENT_TARGET = 14.5;
				MTL_ENABLE_DEBUG_INFO = INCLUDE_SOURCE;
				MTL_FAST_MATH = YES;
				ONLY_ACTIVE_ARCH = YES;
				SDKROOT = iphoneos;
				SWIFT_ACTIVE_COMPILATION_CONDITIONS = DEBUG;
				SWIFT_OPTIMIZATION_LEVEL = "-Onone";
			};
			name = Debug;
		};
		2A6FDC1A274C53F100DE2B43 /* Release */ = {
			isa = XCBuildConfiguration;
			buildSettings = {
				ALWAYS_SEARCH_USER_PATHS = NO;
				CLANG_ANALYZER_NONNULL = YES;
				CLANG_ANALYZER_NUMBER_OBJECT_CONVERSION = YES_AGGRESSIVE;
				CLANG_CXX_LANGUAGE_STANDARD = "gnu++14";
				CLANG_CXX_LIBRARY = "libc++";
				CLANG_ENABLE_MODULES = YES;
				CLANG_ENABLE_OBJC_ARC = YES;
				CLANG_ENABLE_OBJC_WEAK = YES;
				CLANG_WARN_BLOCK_CAPTURE_AUTORELEASING = YES;
				CLANG_WARN_BOOL_CONVERSION = YES;
				CLANG_WARN_COMMA = YES;
				CLANG_WARN_CONSTANT_CONVERSION = YES;
				CLANG_WARN_DEPRECATED_OBJC_IMPLEMENTATIONS = YES;
				CLANG_WARN_DIRECT_OBJC_ISA_USAGE = YES_ERROR;
				CLANG_WARN_DOCUMENTATION_COMMENTS = YES;
				CLANG_WARN_EMPTY_BODY = YES;
				CLANG_WARN_ENUM_CONVERSION = YES;
				CLANG_WARN_INFINITE_RECURSION = YES;
				CLANG_WARN_INT_CONVERSION = YES;
				CLANG_WARN_NON_LITERAL_NULL_CONVERSION = YES;
				CLANG_WARN_OBJC_IMPLICIT_RETAIN_SELF = YES;
				CLANG_WARN_OBJC_LITERAL_CONVERSION = YES;
				CLANG_WARN_OBJC_ROOT_CLASS = YES_ERROR;
				CLANG_WARN_QUOTED_INCLUDE_IN_FRAMEWORK_HEADER = YES;
				CLANG_WARN_RANGE_LOOP_ANALYSIS = YES;
				CLANG_WARN_STRICT_PROTOTYPES = YES;
				CLANG_WARN_SUSPICIOUS_MOVE = YES;
				CLANG_WARN_UNGUARDED_AVAILABILITY = YES_AGGRESSIVE;
				CLANG_WARN_UNREACHABLE_CODE = YES;
				CLANG_WARN__DUPLICATE_METHOD_MATCH = YES;
				COPY_PHASE_STRIP = NO;
				DEBUG_INFORMATION_FORMAT = "dwarf-with-dsym";
				ENABLE_NS_ASSERTIONS = NO;
				ENABLE_STRICT_OBJC_MSGSEND = YES;
				GCC_C_LANGUAGE_STANDARD = gnu11;
				GCC_NO_COMMON_BLOCKS = YES;
				GCC_WARN_64_TO_32_BIT_CONVERSION = YES;
				GCC_WARN_ABOUT_RETURN_TYPE = YES_ERROR;
				GCC_WARN_UNDECLARED_SELECTOR = YES;
				GCC_WARN_UNINITIALIZED_AUTOS = YES_AGGRESSIVE;
				GCC_WARN_UNUSED_FUNCTION = YES;
				GCC_WARN_UNUSED_VARIABLE = YES;
				IPHONEOS_DEPLOYMENT_TARGET = 14.5;
				MTL_ENABLE_DEBUG_INFO = NO;
				MTL_FAST_MATH = YES;
				SDKROOT = iphoneos;
				SWIFT_COMPILATION_MODE = wholemodule;
				SWIFT_OPTIMIZATION_LEVEL = "-O";
				VALIDATE_PRODUCT = YES;
			};
			name = Release;
		};
		2A6FDC1C274C53F100DE2B43 /* Debug */ = {
			isa = XCBuildConfiguration;
			buildSettings = {
				ASSETCATALOG_COMPILER_APPICON_NAME = AppIcon;
				ASSETCATALOG_COMPILER_GLOBAL_ACCENT_COLOR_NAME = AccentColor;
				CODE_SIGN_STYLE = Automatic;
				DEVELOPMENT_TEAM = 8U3U9YAKAC;
				INFOPLIST_FILE = ATMConsultoria/Resources/Info.plist;
				LD_RUNPATH_SEARCH_PATHS = (
					"$(inherited)",
					"@executable_path/Frameworks",
				);
				PRODUCT_BUNDLE_IDENTIFIER = com.filipe.ATMConsultoria;
				PRODUCT_NAME = "$(TARGET_NAME)";
				SWIFT_VERSION = 5.0;
				TARGETED_DEVICE_FAMILY = 1;
			};
			name = Debug;
		};
		2A6FDC1D274C53F100DE2B43 /* Release */ = {
			isa = XCBuildConfiguration;
			buildSettings = {
				ASSETCATALOG_COMPILER_APPICON_NAME = AppIcon;
				ASSETCATALOG_COMPILER_GLOBAL_ACCENT_COLOR_NAME = AccentColor;
				CODE_SIGN_STYLE = Automatic;
				DEVELOPMENT_TEAM = 8U3U9YAKAC;
				INFOPLIST_FILE = ATMConsultoria/Resources/Info.plist;
				LD_RUNPATH_SEARCH_PATHS = (
					"$(inherited)",
					"@executable_path/Frameworks",
				);
				PRODUCT_BUNDLE_IDENTIFIER = com.filipe.ATMConsultoria;
				PRODUCT_NAME = "$(TARGET_NAME)";
				SWIFT_VERSION = 5.0;
				TARGETED_DEVICE_FAMILY = 1;
			};
			name = Release;
		};
/* End XCBuildConfiguration section */

/* Begin XCConfigurationList section */
		2A6FDC02274C53EF00DE2B43 /* Build configuration list for PBXProject "ATMConsultoria" */ = {
			isa = XCConfigurationList;
			buildConfigurations = (
				2A6FDC19274C53F100DE2B43 /* Debug */,
				2A6FDC1A274C53F100DE2B43 /* Release */,
			);
			defaultConfigurationIsVisible = 0;
			defaultConfigurationName = Release;
		};
		2A6FDC1B274C53F100DE2B43 /* Build configuration list for PBXNativeTarget "ATMConsultoria" */ = {
			isa = XCConfigurationList;
			buildConfigurations = (
				2A6FDC1C274C53F100DE2B43 /* Debug */,
				2A6FDC1D274C53F100DE2B43 /* Release */,
			);
			defaultConfigurationIsVisible = 0;
			defaultConfigurationName = Release;
		};
/* End XCConfigurationList section */

/* Begin XCVersionGroup section */
		729818FA27734D7500196D93 /* CoreData.xcdatamodeld */ = {
			isa = XCVersionGroup;
			children = (
				729818FB27734D7500196D93 /* CoreData.xcdatamodel */,
			);
			currentVersion = 729818FB27734D7500196D93 /* CoreData.xcdatamodel */;
			path = CoreData.xcdatamodeld;
			sourceTree = "<group>";
			versionGroupType = wrapper.xcdatamodel;
		};
/* End XCVersionGroup section */
	};
	rootObject = 2A6FDBFF274C53EF00DE2B43 /* Project object */;
}
